github.com/Azure/go-ansiterm v0.0.0-20210617225240-d185dfc1b5a1 h1:UQHMgLO+TxOElx5B5HZ4hJQsoJ/PvUvKRhJHDQXO8P8=
github.com/Azure/go-ansiterm v0.0.0-20210617225240-d185dfc1b5a1/go.mod h1:xomTg63KZ2rFqZQzSB4Vz2SUXa1BpHTVz9L5PTmPC4E=
github.com/Microsoft/go-winio v0.6.1 h1:9/kr64B9VUZrLm5YYwbGtUJnMgqWVOdUAXu6Migciow=
github.com/Microsoft/go-winio v0.6.1/go.mod h1:LRdKpFKfdobln8UmuiYcKPot9D2v6svN5+sAH+4kjUM=
github.com/artarts36/depexplorer v0.0.0-20241208215242-149bd925da85 h1:Zb1W/sUPCdjaRqJ3iTEwjCIqNnVnJiFSEuXerxksLbU=
github.com/artarts36/depexplorer v0.0.0-20241208215242-149bd925da85/go.mod h1:o0RKEwKkCtT+bqCkZh7WpyElvDIFuV74MUXa/yPqLn8=
github.com/artarts36/depexplorer v0.0.0-20241208222847-f52eef783cf3 h1:nKh2Lh55+cUa1rcQMELB0rPsZcY7frEgPFVJBEzy5dg=
github.com/artarts36/depexplorer v0.0.0-20241208222847-f52eef783cf3/go.mod h1:o0RKEwKkCtT+bqCkZh7WpyElvDIFuV74MUXa/yPqLn8=
github.com/artarts36/depexplorer v0.0.0-20241208225716-59bd1eac1502 h1:tFQMIAfIM47FeN1KK+/sQW+kW4jyl5AypiZcy3MkAQI=
github.com/artarts36/depexplorer v0.0.0-20241208225716-59bd1eac1502/go.mod h1:o0RKEwKkCtT+bqCkZh7WpyElvDIFuV74MUXa/yPqLn8=
github.com/artarts36/depexplorer v0.0.0-20241208225859-a7848a647a6a h1:zIKGUwbF0ZIb0wed7rkVyntNS8kAfDmM/kR06Yg00zE=
github.com/artarts36/depexplorer v0.0.0-20241208225859-a7848a647a6a/go.mod h1:o0RKEwKkCtT+bqCkZh7WpyElvDIFuV74MUXa/yPqLn8=
github.com/artarts36/depexplorer v0.0.0-20241208234457-77f9c033b776 h1:hS69GlnozpaxFQPpvkK2yCpiNn3Sqm4Emg3XMsxIIYg=
github.com/artarts36/depexplorer v0.0.0-20241208234457-77f9c033b776/go.mod h1:o0RKEwKkCtT+bqCkZh7WpyElvDIFuV74MUXa/yPqLn8=
github.com/artarts36/depexplorer v0.0.0-20241208235051-894dda11fcda h1:q56yZIbv//erMtPID8uNHB/hRU/Z3epGCZqis6ouKcs=
github.com/artarts36/depexplorer v0.0.0-20241208235051-894dda11fcda/go.mod h1:o0RKEwKkCtT+bqCkZh7WpyElvDIFuV74MUXa/yPqLn8=
github.com/artarts36/depexplorer v0.0.0-20241209190745-ab3bfef7dd43 h1:XimiyzTIVTOuKoWY1jZ5HOLiijtu7aDJ3dzi/7qZJy8=
github.com/artarts36/depexplorer v0.0.0-20241209190745-ab3bfef7dd43/go.mod h1:o0RKEwKkCtT+bqCkZh7WpyElvDIFuV74MUXa/yPqLn8=
github.com/artarts36/depexplorer v0.0.0-20241209201037-35756eb54b36 h1:c8hEPtXJUy3stHA43BKT1T1z4nDoINuZqW6b8sBHVFs=
github.com/artarts36/depexplorer v0.0.0-20241209201037-35756eb54b36/go.mod h1:o0RKEwKkCtT+bqCkZh7WpyElvDIFuV74MUXa/yPqLn8=
github.com/artarts36/depexplorer v0.0.0-20241210223743-d5e0ec7f59dd h1:JqUX/Wrx/R3Hhh5moIb3JlJniw1NnzuBGN0gOVVboY4=
github.com/artarts36/depexplorer v0.0.0-20241210223743-d5e0ec7f59dd/go.mod h1:XvF6agn6Z5vMssFHS0+NEdPqC1/8MGwOOMl2I/u4Zfg=
github.com/artarts36/depexplorer v0.0.0-20241210225338-b2fd67d82d9e h1:CMpvmEQWtN6OULd/IaH6wJikgadgLH7g802mMi/dd9s=
github.com/artarts36/depexplorer v0.0.0-20241210225338-b2fd67d82d9e/go.mod h1:XvF6agn6Z5vMssFHS0+NEdPqC1/8MGwOOMl2I/u4Zfg=
github.com/artarts36/depexplorer v0.0.0-20241212191424-e40ed651391b h1:XwyOKU0ETQAS74hIGDFpwUoPfGPzlG8OdytQuvm53xI=
github.com/artarts36/depexplorer v0.0.0-20241212191424-e40ed651391b/go.mod h1:XvF6agn6Z5vMssFHS0+NEdPqC1/8MGwOOMl2I/u4Zfg=
github.com/artarts36/depexplorer v0.0.0-20241212202527-9a7e434c1d12 h1:R+L/bTBnW150+TJKsTx5VaDGKV0wg754WHLFXP2J1Kg=
github.com/artarts36/depexplorer v0.0.0-20241212202527-9a7e434c1d12/go.mod h1:XvF6agn6Z5vMssFHS0+NEdPqC1/8MGwOOMl2I/u4Zfg=
github.com/artarts36/depexplorer v0.0.0-20241212202705-b3caeea3ae58 h1:GWuHpTPGCHmEccfcBRsUb1CvaLQwQoa+inm6GtoHsFk=
github.com/artarts36/depexplorer v0.0.0-20241212202705-b3caeea3ae58/go.mod h1:XvF6agn6Z5vMssFHS0+NEdPqC1/8MGwOOMl2I/u4Zfg=
github.com/artarts36/depexplorer/pkg/github v0.0.0-20241208215242-149bd925da85 h1:jnZSs9h8nukUEd1uQNreu5L2aglQ/Q8bdc/d6+f0bP8=
github.com/artarts36/depexplorer/pkg/github v0.0.0-20241208215242-149bd925da85/go.mod h1:w5Kwk6eglaG6k32Z57jB1mwEISFbHHBBUOMApUkBaoo=
github.com/artarts36/depexplorer/pkg/github v0.0.0-20241208222847-f52eef783cf3 h1:VBVouaX/mjA/smUvCJMU0+VzhFQRFLDMJ5/5jcjQ+54=
github.com/artarts36/depexplorer/pkg/github v0.0.0-20241208222847-f52eef783cf3/go.mod h1:w5Kwk6eglaG6k32Z57jB1mwEISFbHHBBUOMApUkBaoo=
github.com/artarts36/depexplorer/pkg/github v0.0.0-20241208225859-a7848a647a6a h1:2tPv1Jgs+zZY1QEFzrMpzMdN4+UaejYAFgR3xI9kOm0=
github.com/artarts36/depexplorer/pkg/github v0.0.0-20241208225859-a7848a647a6a/go.mod h1:w5Kwk6eglaG6k32Z57jB1mwEISFbHHBBUOMApUkBaoo=
github.com/artarts36/depexplorer/pkg/github v0.0.0-20241208230139-d01c52e1c03e h1:bYZ17fojsoZqFseQPNQyDdu2BjWlpkhkh9C6yHpXhC4=
github.com/artarts36/depexplorer/pkg/github v0.0.0-20241208230139-d01c52e1c03e/go.mod h1:w5Kwk6eglaG6k32Z57jB1mwEISFbHHBBUOMApUkBaoo=
github.com/artarts36/depexplorer/pkg/github v0.0.0-20241208231654-b8c49f4ff10f h1:K976NFLjMV0jdJ5OzX2iyAsZzuO2VrDiZU+xiQpeSZg=
github.com/artarts36/depexplorer/pkg/github v0.0.0-20241208231654-b8c49f4ff10f/go.mod h1:ZE+zOisYEEU6IrVfrXI4n/lfn3FHfrMX61VjRd/87XE=
github.com/artarts36/depexplorer/pkg/github v0.0.0-20241208234457-77f9c033b776 h1:HorndaRMoyobb7heoi6g0Eof1iz2C8DkHVzSUayshQM=
github.com/artarts36/depexplorer/pkg/github v0.0.0-20241208234457-77f9c033b776/go.mod h1:JyLhdco95l+4BtnG6cGKOZm+cn6b+YdOvVVXCNFMQaw=
github.com/artarts36/depexplorer/pkg/github v0.0.0-20241209190745-ab3bfef7dd43 h1:gRbjDv4Sk1oneDGvElLYQL+kaV1Lww8lwDby7hhxQqA=
github.com/artarts36/depexplorer/pkg/github v0.0.0-20241209190745-ab3bfef7dd43/go.mod h1:JyLhdco95l+4BtnG6cGKOZm+cn6b+YdOvVVXCNFMQaw=
github.com/artarts36/depexplorer/pkg/github v0.0.0-20241209201037-35756eb54b36 h1:Ric3sjMEI6RbhAYXcjqaKQ8hmgVc+xi3BxGJoF79dlo=
github.com/artarts36/depexplorer/pkg/github v0.0.0-20241209201037-35756eb54b36/go.mod h1:JyLhdco95l+4BtnG6cGKOZm+cn6b+YdOvVVXCNFMQaw=
github.com/artarts36/depexplorer/pkg/github v0.0.0-20241210223743-d5e0ec7f59dd h1:C86nwFZvHC7Y3YrQBUPegqf1jZPqRIXEYa/pZn14h1A=
github.com/artarts36/depexplorer/pkg/github v0.0.0-20241210223743-d5e0ec7f59dd/go.mod h1:JyLhdco95l+4BtnG6cGKOZm+cn6b+YdOvVVXCNFMQaw=
github.com/artarts36/depexplorer/pkg/github v0.0.0-20241210225338-b2fd67d82d9e h1:7fHj4NHCETogR8YRYzYIxN/Xp1m3RXYvte/1hmkoi20=
github.com/artarts36/depexplorer/pkg/github v0.0.0-20241210225338-b2fd67d82d9e/go.mod h1:JyLhdco95l+4BtnG6cGKOZm+cn6b+YdOvVVXCNFMQaw=
github.com/artarts36/depexplorer/pkg/github v0.0.0-20241212191424-e40ed651391b h1:F0czyHFC/B8LZ9F9t7nj8E/O3Flv3L12ztgv+2mXeoA=
github.com/artarts36/depexplorer/pkg/github v0.0.0-20241212191424-e40ed651391b/go.mod h1:0E3YDdjYtlqq2+IFfiSQlS8/9h8Bnu4UxuOYe/Ti/00=
github.com/artarts36/depexplorer/pkg/github v0.0.0-20241212202527-9a7e434c1d12 h1:uVN6JvnP45CQ7mdTY3TEG38z3dn0so9JomxVjT3UJmQ=
github.com/artarts36/depexplorer/pkg/github v0.0.0-20241212202527-9a7e434c1d12/go.mod h1:0E3YDdjYtlqq2+IFfiSQlS8/9h8Bnu4UxuOYe/Ti/00=
github.com/artarts36/depexplorer/pkg/github v0.0.0-20241212202705-b3caeea3ae58 h1:HRjgFgBGU7Kn161BBOggJ9MhxyV4vk0wVLxwd46IcpA=
github.com/artarts36/depexplorer/pkg/github v0.0.0-20241212202705-b3caeea3ae58/go.mod h1:0E3YDdjYtlqq2+IFfiSQlS8/9h8Bnu4UxuOYe/Ti/00=
github.com/bahlo/generic-list-go v0.2.0 h1:5sz/EEAK+ls5wF+NeqDpk5+iNdMDXrh3z3nPnH1Wvgk=
github.com/bahlo/generic-list-go v0.2.0/go.mod h1:2KvAjgMlE5NNynlg/5iLrrCCZ2+5xWbdbCW3pNTGyYg=
github.com/buger/jsonparser v1.1.1 h1:2PnMjfWD7wBILjqQbt530v576A/cAbQvEW9gGIpYMUs=
github.com/buger/jsonparser v1.1.1/go.mod h1:6RYKKt7H4d4+iWqouImQ9R2FZql3VbhNgx27UK13J/0=
github.com/davecgh/go-spew v1.1.0/go.mod h1:J7Y8YcW2NihsgmVo/mv3lAwl/skON4iLHjSsI+c5H38=
github.com/davecgh/go-spew v1.1.1 h1:vj9j/u1bqnvCEfJOwUhtlOARqs3+rkHYY13jYWTU97c=
github.com/davecgh/go-spew v1.1.1/go.mod h1:J7Y8YcW2NihsgmVo/mv3lAwl/skON4iLHjSsI+c5H38=
github.com/docker/distribution v2.8.2+incompatible h1:T3de5rq0dB1j30rp0sA2rER+m322EBzniBPB6ZIzuh8=
github.com/docker/distribution v2.8.2+incompatible/go.mod h1:J2gT2udsDAN96Uj4KfcMRqY0/ypR+oyYUYmja8H+y+w=
github.com/docker/docker v24.0.5+incompatible h1:WmgcE4fxyI6EEXxBRxsHnZXrO1pQ3smi0k/jho4HLeY=
github.com/docker/docker v24.0.5+incompatible/go.mod h1:eEKB0N0r5NX/I1kEveEz05bcu8tLC/8azJZsviup8Sk=
github.com/docker/go-connections v0.4.0 h1:El9xVISelRB7BuFusrZozjnkIM5YnzCViNKohAFqRJQ=
github.com/docker/go-connections v0.4.0/go.mod h1:Gbd7IOopHjR8Iph03tsViu4nIes5XhDvyHbTtUxmeec=
github.com/docker/go-units v0.5.0 h1:69rxXcBk27SvSaaxTtLh/8llcHD8vYHT7WSdRZ/jvr4=
github.com/docker/go-units v0.5.0/go.mod h1:fgPhTUdO+D/Jk86RDLlptpiXQzgHJF7gydDDbaIK4Dk=
github.com/gogo/protobuf v1.3.2 h1:Ov1cvc58UF3b5XjBnZv7+opcTcQFZebYjWzi34vdm4Q=
github.com/gogo/protobuf v1.3.2/go.mod h1:P1XiOD3dCwIKUDQYPy72D8LYyHL2YPYrpS2s69NZV8Q=
github.com/google/go-cmp v0.5.2/go.mod h1:v8dTdLbMG2kIc/vJvl+f65V22dbkXbowE6jgT/gNBxE=
github.com/google/go-cmp v0.5.9 h1:O2Tfq5qg4qc4AmwVlvv0oLiVAGB7enBSJ2x2DqQFi38=
github.com/google/go-cmp v0.5.9/go.mod h1:17dUlkBOakJ0+DkrSSNjCkIjxS6bF9zb3elmeNGIjoY=
github.com/google/go-cmp v0.6.0/go.mod h1:17dUlkBOakJ0+DkrSSNjCkIjxS6bF9zb3elmeNGIjoY=
github.com/google/go-github v17.0.0+incompatible h1:N0LgJ1j65A7kfXrZnUDaYCs/Sf4rEjNlfyDHW9dolSY=
github.com/google/go-github v17.0.0+incompatible/go.mod h1:zLgOLi98H3fifZn+44m+umXrS52loVEgC2AApnigrVQ=
github.com/google/go-github/v67 v67.0.0 h1:g11NDAmfaBaCO8qYdI9fsmbaRipHNWRIU/2YGvlh4rg=
github.com/google/go-github/v67 v67.0.0/go.mod h1:zH3K7BxjFndr9QSeFibx4lTKkYS3K9nDanoI1NjaOtY=
github.com/google/go-querystring v1.1.0 h1:AnCroh3fv4ZBgVIf1Iwtovgjaw/GiKJo8M8yD/fhyJ8=
github.com/google/go-querystring v1.1.0/go.mod h1:Kcdr2DB4koayq7X8pmAG4sNG59So17icRSOU623lUBU=
github.com/josharian/intern v1.0.0/go.mod h1:5DoeVV0s6jJacbCEi61lwdGj/aVlrQvzHFFd8Hwg//Y=
github.com/kelseyhightower/envconfig v1.4.0 h1:Im6hONhd3pLkfDFsbRgu68RDNkGF1r3dvMUtDTo2cv8=
github.com/kelseyhightower/envconfig v1.4.0/go.mod h1:cccZRl6mQpaq41TPp5QxidR+Sa3axMbJDNb//FQX6Gg=
github.com/kisielk/errcheck v1.5.0/go.mod h1:pFxgyoBC7bSaBwPgfKdkLd5X25qrDl4LWUI2bnpBCr8=
github.com/kisielk/gotool v1.0.0/go.mod h1:XhKaO+MFFWcvkIS/tQcRk01m1F5IRFswLeQ+oQHNcck=
github.com/mailru/easyjson v0.7.7 h1:UGYAvKxe3sBsEDzO8ZeWOSlIQfWFlxbzLZe7hwFURr0=
github.com/mailru/easyjson v0.7.7/go.mod h1:xzfreul335JAWq5oZzymOObrkdz5UnU4kGfJJLY9Nlc=
github.com/mitchellh/hashstructure v1.1.0 h1:P6P1hdjqAAknpY/M1CGipelZgp+4y9ja9kmUZPXP+H0=
github.com/mitchellh/hashstructure v1.1.0/go.mod h1:xUDAozZz0Wmdiufv0uyhnHkUTN6/6d8ulp4AwfLKrmA=
github.com/moby/term v0.5.0 h1:xt8Q1nalod/v7BqbG21f8mQPqH+xAaC9C3N3wfWbVP0=
github.com/moby/term v0.5.0/go.mod h1:8FzsFHVUBGZdbDsJw/ot+X+d5HLUbvklYLJ9uGfcI3Y=
github.com/morikuni/aec v1.0.0 h1:nP9CBfwrvYnBRgY6qfDQkygYDmYwOilePFkwzv4dU8A=
github.com/morikuni/aec v1.0.0/go.mod h1:BbKIizmSmc5MMPqRYbxO4ZU0S0+P200+tUnFx7PXmsc=
github.com/opencontainers/go-digest v1.0.0 h1:apOUWs51W5PlhuyGyz9FCeeBIOUDA/6nW8Oi/yOhh5U=
github.com/opencontainers/go-digest v1.0.0/go.mod h1:0JzlMkj0TRzQZfJkVvzbP0HBR3IKzErnv2BNG4W4MAM=
github.com/opencontainers/image-spec v1.0.2 h1:9yCKha/T5XdGtO0q9Q9a6T5NUCsTn/DrBg0D7ufOcFM=
github.com/opencontainers/image-spec v1.0.2/go.mod h1:BtxoFyWECRxE4U/7sNtV5W15zMzWCbyJoFRP3s7yZA0=
github.com/pkg/errors v0.9.1 h1:FEBLx1zS214owpjy7qsBeixbURkuhQAwrK5UwLGTwt4=
github.com/pkg/errors v0.9.1/go.mod h1:bwawxfHBFNV+L2hUp1rHADufV3IMtnDRdf1r5NINEl0=
github.com/pmezard/go-difflib v1.0.0 h1:4DBwDE0NGyQoBHbLQYPwSUPoCMWR5BEzIk/f1lZbAQM=
github.com/pmezard/go-difflib v1.0.0/go.mod h1:iKH77koFhYxTK1pcRnkKkqfTogsbg7gZNVY4sRDYZ/4=
github.com/shopspring/decimal v0.0.0-20180709203117-cd690d0c9e24/go.mod h1:M+9NzErvs504Cn4c5DxATwIqPbtswREoFCre64PpcG4=
github.com/shopspring/decimal v1.3.1 h1:2Usl1nmF/WZucqkFZhnfFYxxxu8LG21F6nPQBE5gKV8=
github.com/shopspring/decimal v1.3.1/go.mod h1:DKyhrW/HYNuLGql+MJL6WCR6knT2jwCFRcu2hWCYk4o=
github.com/sirupsen/logrus v1.9.0 h1:trlNQbNUG3OdDrDil03MCb1H2o9nJ1x4/5LYw7byDE0=
github.com/sirupsen/logrus v1.9.0/go.mod h1:naHLuLoDiP4jHNo9R0sCBMtWGeIprob74mVsIT4qYEQ=
github.com/stretchr/objx v0.1.0/go.mod h1:HFkY916IF+rwdDfMAkV7OtwuqBVzrE8GR6GFx+wExME=
github.com/stretchr/testify v1.7.0/go.mod h1:6Fq8oRcR53rry900zMqJjRRixrwX3KX962/h/Wwjteg=
github.com/stretchr/testify v1.10.0 h1:Xv5erBjTwe/5IxqUQTdXv5kgmIvbHo3QQyRwhJsOfJA=
github.com/stretchr/testify v1.10.0/go.mod h1:r2ic/lqez/lEtzL7wO/rwa5dbSLXVDPFyf8C91i36aY=
github.com/tyler-sommer/stick v1.0.6 h1:LLdJ8oGotXCsAuVx2BRZZT6s3bYXHe0ImQ+azF4HtJg=
github.com/tyler-sommer/stick v1.0.6/go.mod h1:rjBy3zi6GwoxExa6OSRPPPaLqUEKNsBxTeWckhIX1us=
github.com/wk8/go-ordered-map/v2 v2.1.8 h1:5h/BUHu93oj4gIdvHHHGsScSTMijfx5PeYkE/fJgbpc=
github.com/wk8/go-ordered-map/v2 v2.1.8/go.mod h1:5nJHM5DyteebpVlHnWMV0rPz6Zp7+xBAnxjb1X5vnTw=
github.com/yuin/goldmark v1.1.27/go.mod h1:3hX8gzYuyVAZsxl0MRgGTJEmQBFcNTphYh9decYSb74=
github.com/yuin/goldmark v1.2.1/go.mod h1:3hX8gzYuyVAZsxl0MRgGTJEmQBFcNTphYh9decYSb74=
golang.org/x/crypto v0.0.0-20190308221718-c2843e01d9a2/go.mod h1:djNgcEr1/C05ACkg1iLfiJU5Ep61QUkGW8qpdssI0+w=
golang.org/x/crypto v0.0.0-20191011191535-87dc89f01550/go.mod h1:yigFU9vqHzYiE8UmvKecakEJjdnWj3jj499lnFckfCI=
golang.org/x/crypto v0.0.0-20200622213623-75b288015ac9/go.mod h1:LzIPMQfyMNhhGPhUkYOs5KpL4U8rLKemX1yGLhDgUto=
golang.org/x/mod v0.2.0/go.mod h1:s0Qsj1ACt9ePp/hMypM3fl4fZqREWJwdYDEqhRiZZUA=
golang.org/x/mod v0.3.0/go.mod h1:s0Qsj1ACt9ePp/hMypM3fl4fZqREWJwdYDEqhRiZZUA=
golang.org/x/mod v0.22.0 h1:D4nJWe9zXqHOmWqj4VMOJhvzj7bEZg4wEYa759z1pH4=
golang.org/x/mod v0.22.0/go.mod h1:6SkKJ3Xj0I0BrPOZoBy3bdMptDDU9oJrpohJ3eWZ1fY=
golang.org/x/net v0.0.0-20190404232315-eb5bcb51f2a3/go.mod h1:t9HGtf8HONx5eT2rtn7q6eTqICYqUVnKs3thJo3Qplg=
golang.org/x/net v0.0.0-20190620200207-3b0461eec859/go.mod h1:z5CRVTTTmAJ677TzLLGU+0bjPO0LkuOLi4/5GtJWs/s=
golang.org/x/net v0.0.0-20200226121028-0de0cce0169b/go.mod h1:z5CRVTTTmAJ677TzLLGU+0bjPO0LkuOLi4/5GtJWs/s=
golang.org/x/net v0.0.0-20201021035429-f5854403a974/go.mod h1:sp8m0HH+o8qH0wwXwYZr8TS3Oi6o0r6Gce1SSxlDquU=
golang.org/x/net v0.15.0 h1:ugBLEUaxABaB5AJqW9enI0ACdci2RUd4eP51NTBvuJ8=
golang.org/x/net v0.15.0/go.mod h1:idbUs1IY1+zTqbi8yxTbhexhEEk5ur9LInksu6HrEpk=
golang.org/x/sync v0.0.0-20190423024810-112230192c58/go.mod h1:RxMgew5VJxzue5/jJTE5uejpjVlOe/izrB70Jof72aM=
golang.org/x/sync v0.0.0-20190911185100-cd5d95a43a6e/go.mod h1:RxMgew5VJxzue5/jJTE5uejpjVlOe/izrB70Jof72aM=
golang.org/x/sync v0.0.0-20201020160332-67f06af15bc9/go.mod h1:RxMgew5VJxzue5/jJTE5uejpjVlOe/izrB70Jof72aM=
golang.org/x/sync v0.3.0 h1:ftCYgMx6zT/asHUrPw8BLLscYtGznsLAnjq5RH9P66E=
golang.org/x/sync v0.3.0/go.mod h1:FU7BRWz2tNW+3quACPkgCx/L+uEAv1htQ0V83Z9Rj+Y=
golang.org/x/sys v0.0.0-20190215142949-d0b11bdaac8a/go.mod h1:STP8DvDyc/dI5b8T5hshtkjS+E42TnysNCUPdjciGhY=
golang.org/x/sys v0.0.0-20190412213103-97732733099d/go.mod h1:h1NjWce9XRLGQEsW7wpKNCjG9DtNlClVuFLEZdDNbEs=
golang.org/x/sys v0.0.0-20200930185726-fdedc70b468f/go.mod h1:h1NjWce9XRLGQEsW7wpKNCjG9DtNlClVuFLEZdDNbEs=
golang.org/x/sys v0.0.0-20220715151400-c0bba94af5f8/go.mod h1:oPkhp1MJrh7nUepCBck5+mAzfO9JrbApNNgaTdGDITg=
golang.org/x/sys v0.12.0 h1:CM0HF96J0hcLAwsHPJZjfdNzs0gftsLfgKt57wWHJ0o=
golang.org/x/sys v0.12.0/go.mod h1:oPkhp1MJrh7nUepCBck5+mAzfO9JrbApNNgaTdGDITg=
golang.org/x/text v0.3.0/go.mod h1:NqM8EUOU14njkJ3fqMW+pc6Ldnwhi/IjpwHt7yyuwOQ=
golang.org/x/text v0.3.3/go.mod h1:5Zoc/QRtKVWzQhOtBMvqHzDpF6irO9z98xDceosuGiQ=
golang.org/x/time v0.3.0 h1:rg5rLMjNzMS1RkNLzCG38eapWhnYLFYXDXj2gOlr8j4=
golang.org/x/time v0.3.0/go.mod h1:tRJNPiyCQ0inRvYxbN9jk5I+vvW/OXSQhTDSoE431IQ=
golang.org/x/tools v0.0.0-20180917221912-90fa682c2a6e/go.mod h1:n7NCudcB/nEzxVGmLbDWY5pfWTLqBcC2KZ6jyYvM4mQ=
golang.org/x/tools v0.0.0-20191119224855-298f0cb1881e/go.mod h1:b+2E5dAYhXwXZwtnZ6UAqBI28+e2cm9otk0dWdXHAEo=
golang.org/x/tools v0.0.0-20200619180055-7c47624df98f/go.mod h1:EkVYQZoAsY45+roYkvgYkIh4xh/qjgUK9TdY2XT94GE=
golang.org/x/tools v0.0.0-20210106214847-113979e3529a/go.mod h1:emZCQorbCU4vsT4fOWvOPXz4eW1wZW4PmDk9uLelYpA=
golang.org/x/tools v0.13.0 h1:Iey4qkscZuv0VvIt8E0neZjtPVQFSc870HQ448QgEmQ=
golang.org/x/tools v0.13.0/go.mod h1:HvlwmtVNQAhOuCjW7xxvovg8wbNq7LwfXh/k7wXUl58=
golang.org/x/xerrors v0.0.0-20190717185122-a985d3407aa7/go.mod h1:I/5z698sn9Ka8TeJc9MKroUUfqBBauWjQqLJ2OPfmY0=
golang.org/x/xerrors v0.0.0-20191011141410-1b5146add898/go.mod h1:I/5z698sn9Ka8TeJc9MKroUUfqBBauWjQqLJ2OPfmY0=
golang.org/x/xerrors v0.0.0-20191204190536-9bdfabe68543/go.mod h1:I/5z698sn9Ka8TeJc9MKroUUfqBBauWjQqLJ2OPfmY0=
golang.org/x/xerrors v0.0.0-20200804184101-5ec99f83aff1/go.mod h1:I/5z698sn9Ka8TeJc9MKroUUfqBBauWjQqLJ2OPfmY0=
gopkg.in/check.v1 v0.0.0-20161208181325-20d25e280405 h1:yhCVgyC4o1eVCa2tZl7eS0r+SDo693bJlVdllGtEeKM=
gopkg.in/check.v1 v0.0.0-20161208181325-20d25e280405/go.mod h1:Co6ibVJAznAaIkqp8huTwlJQCZ016jof/cbN4VW5Yz0=
gopkg.in/yaml.v3 v3.0.0-20200313102051-9f266ea9e77c/go.mod h1:K4uyk7z7BCEPqu6E+C64Yfv1cQ7kz7rIZviUmN+EgEM=
gopkg.in/yaml.v3 v3.0.1 h1:fxVm/GzAzEWqLHuvctI91KS9hhNmmWOoWu0XTYJS7CA=
gopkg.in/yaml.v3 v3.0.1/go.mod h1:K4uyk7z7BCEPqu6E+C64Yfv1cQ7kz7rIZviUmN+EgEM=
gotest.tools/v3 v3.5.0 h1:Ljk6PdHdOhAb5aDMWXjDLMMhph+BpztA4v1QdqEW2eY=
gotest.tools/v3 v3.5.0/go.mod h1:isy3WKz7GK6uNw/sbHzfKBLvlvXwUyV06n6brMxxopU=
